
Microsoft Visual Studio Solution File, Format Version 12.00
# Visual Studio Version 17
VisualStudioVersion = 17.9.34728.123
MinimumVisualStudioVersion = 10.0.40219.1
Project("{FAE04EC0-301F-11D3-BF4B-00C04F79EFBC}") = "Crocodillhus", "Crocodillhus\Crocodillhus.csproj", "{68BFE469-7EA7-4A49-8C9B-7B9C09622D7E}"
EndProject
Global
	GlobalSection(SolutionConfigurationPlatforms) = preSolution
		Debug|Any CPU = Debug|Any CPU
		Release|Any CPU = Release|Any CPU
	EndGlobalSection
	GlobalSection(ProjectConfigurationPlatforms) = postSolution
		{68BFE469-7EA7-4A49-8C9B-7B9C09622D7E}.Debug|Any CPU.ActiveCfg = Debug|Any CPU
		{68BFE469-7EA7-4A49-8C9B-7B9C09622D7E}.Debug|Any CPU.Build.0 = Debug|Any CPU
		{68BFE469-7EA7-4A49-8C9B-7B9C09622D7E}.Release|Any CPU.ActiveCfg = Release|Any CPU
		{68BFE469-7EA7-4A49-8C9B-7B9C09622D7E}.Release|Any CPU.Build.0 = Release|Any CPU
	EndGlobalSection
	GlobalSection(SolutionProperties) = preSolution
		HideSolutionNode = FALSE
	EndGlobalSection
	GlobalSection(ExtensibilityGlobals) = postSolution
		SolutionGuid = {EAFE1BCD-FB94-4E33-8EBA-AA2D198BFBBE}
	EndGlobalSection
EndGlobal
